{
  "name": "sms-temp",
  "lockfileVersion": 3,
  "requires": true,
  "packages": {
    "": {
      "devDependencies": {
        "baseline-browser-mapping": "^2.11.24"
      }
    },
    "node_modules/baseline-browser-mapping": {
      "version": "2.11.24",
      "resolved": "https://registry.npmjs.org/baseline-browser-mapping/-/baseline-browser-mapping-2.11.24.tgz",
      "integrity": "sha512-hYrgxie335U08WqICoGqKRzV1HFXv6zdxwJE4ekCb80CM9a0SVVsN4QPwT67RraRo+9h8IATk6uxHJw7QSkdOg==",
      "dev": true,
      "license": "Apache-2.0",
      "bin": {
        "baseline-browser-mapping": "dist/cli.cjs"
      },
      "engines": {
        "node": ">=6.0.0"
      }
    }
  }
}
